
Microsoft Visual Studio Solution File, Format Version 12.00
# Visual Studio Version 17
VisualStudioVersion = 17.8.34511.84
MinimumVisualStudioVersion = 10.0.40219.1
Project("{FAE04EC0-301F-11D3-BF4B-00C04F79EFBC}") = "Example-Decorator-pattern", "Example-Decorator-pattern\Example-Decorator-pattern.csproj", "{0252671F-DF36-41F6-819C-B1935515AA11}"
EndProject
Project("{FAE04EC0-301F-11D3-BF4B-00C04F79EFBC}") = "DecoratoForSportHalls", "DecoratoForSportHalls\DecoratoForSportHalls.csproj", "{699A0913-75E7-478E-8559-2B5A3BB865C6}"
EndProject
Global
	GlobalSection(SolutionConfigurationPlatforms) = preSolution
		Debug|Any CPU = Debug|Any CPU
		Release|Any CPU = Release|Any CPU
	EndGlobalSection
	GlobalSection(ProjectConfigurationPlatforms) = postSolution
		{0252671F-DF36-41F6-819C-B1935515AA11}.Debug|Any CPU.ActiveCfg = Debug|Any CPU
		{0252671F-DF36-41F6-819C-B1935515AA11}.Debug|Any CPU.Build.0 = Debug|Any CPU
		{0252671F-DF36-41F6-819C-B1935515AA11}.Release|Any CPU.ActiveCfg = Release|Any CPU
		{0252671F-DF36-41F6-819C-B1935515AA11}.Release|Any CPU.Build.0 = Release|Any CPU
		{699A0913-75E7-478E-8559-2B5A3BB865C6}.Debug|Any CPU.ActiveCfg = Debug|Any CPU
		{699A0913-75E7-478E-8559-2B5A3BB865C6}.Debug|Any CPU.Build.0 = Debug|Any CPU
		{699A0913-75E7-478E-8559-2B5A3BB865C6}.Release|Any CPU.ActiveCfg = Release|Any CPU
		{699A0913-75E7-478E-8559-2B5A3BB865C6}.Release|Any CPU.Build.0 = Release|Any CPU
	EndGlobalSection
	GlobalSection(SolutionProperties) = preSolution
		HideSolutionNode = FALSE
	EndGlobalSection
	GlobalSection(ExtensibilityGlobals) = postSolution
		SolutionGuid = {45CFC79F-4C38-4ADE-992E-C121299072B3}
	EndGlobalSection
EndGlobal
